
Microsoft Visual Studio Solution File, Format Version 12.00
# Visual Studio 15
VisualStudioVersion = 15.0.26124.0
MinimumVisualStudioVersion = 15.0.26124.0
Project("{2150E333-8FDC-42A3-9474-1A3956D46DE8}") = "src", "src", "{659A7B23-9E5A-4EF1-9B8F-100106D9BBC8}"
EndProject
Project("{FAE04EC0-301F-11D3-BF4B-00C04F79EFBC}") = "ApplicationCore", "src\ApplicationCore\ApplicationCore.csproj", "{147CA4F4-4A95-404C-A452-7DC9B39D53BD}"
EndProject
Project("{FAE04EC0-301F-11D3-BF4B-00C04F79EFBC}") = "Infrastructure", "src\Infrastructure\Infrastructure.csproj", "{D7B1DE50-FFF2-4BF8-90E9-25A4DBF179C5}"
EndProject
Project("{FAE04EC0-301F-11D3-BF4B-00C04F79EFBC}") = "WebApi", "src\WebApi\WebApi.csproj", "{560F1918-5DC8-4B9A-9DD7-B7F17AD8594D}"
EndProject
Project("{2150E333-8FDC-42A3-9474-1A3956D46DE8}") = "tests", "tests", "{D9B54CE9-DAC7-4CF4-8009-931381360451}"
EndProject
Project("{FAE04EC0-301F-11D3-BF4B-00C04F79EFBC}") = "FunctionalTests", "tests\FunctionalTests\FunctionalTests.csproj", "{E65D1C6C-9CAB-483D-BE03-6EF27327CCDC}"
EndProject
Project("{FAE04EC0-301F-11D3-BF4B-00C04F79EFBC}") = "IntegrationTests", "tests\IntegrationTests\IntegrationTests.csproj", "{184D851C-E177-4910-B6B9-AB88B0B16AC0}"
EndProject
Project("{FAE04EC0-301F-11D3-BF4B-00C04F79EFBC}") = "UnitTests", "tests\UnitTests\UnitTests.csproj", "{CC23ACDA-E14C-4C0C-B83D-615970152E83}"
EndProject
Global
	GlobalSection(SolutionConfigurationPlatforms) = preSolution
		Debug|Any CPU = Debug|Any CPU
		Debug|x64 = Debug|x64
		Debug|x86 = Debug|x86
		Release|Any CPU = Release|Any CPU
		Release|x64 = Release|x64
		Release|x86 = Release|x86
	EndGlobalSection
	GlobalSection(SolutionProperties) = preSolution
		HideSolutionNode = FALSE
	EndGlobalSection
	GlobalSection(ProjectConfigurationPlatforms) = postSolution
		{147CA4F4-4A95-404C-A452-7DC9B39D53BD}.Debug|Any CPU.ActiveCfg = Debug|Any CPU
		{147CA4F4-4A95-404C-A452-7DC9B39D53BD}.Debug|Any CPU.Build.0 = Debug|Any CPU
		{147CA4F4-4A95-404C-A452-7DC9B39D53BD}.Debug|x64.ActiveCfg = Debug|Any CPU
		{147CA4F4-4A95-404C-A452-7DC9B39D53BD}.Debug|x64.Build.0 = Debug|Any CPU
		{147CA4F4-4A95-404C-A452-7DC9B39D53BD}.Debug|x86.ActiveCfg = Debug|Any CPU
		{147CA4F4-4A95-404C-A452-7DC9B39D53BD}.Debug|x86.Build.0 = Debug|Any CPU
		{147CA4F4-4A95-404C-A452-7DC9B39D53BD}.Release|Any CPU.ActiveCfg = Release|Any CPU
		{147CA4F4-4A95-404C-A452-7DC9B39D53BD}.Release|Any CPU.Build.0 = Release|Any CPU
		{147CA4F4-4A95-404C-A452-7DC9B39D53BD}.Release|x64.ActiveCfg = Release|Any CPU
		{147CA4F4-4A95-404C-A452-7DC9B39D53BD}.Release|x64.Build.0 = Release|Any CPU
		{147CA4F4-4A95-404C-A452-7DC9B39D53BD}.Release|x86.ActiveCfg = Release|Any CPU
		{147CA4F4-4A95-404C-A452-7DC9B39D53BD}.Release|x86.Build.0 = Release|Any CPU
		{D7B1DE50-FFF2-4BF8-90E9-25A4DBF179C5}.Debug|Any CPU.ActiveCfg = Debug|Any CPU
		{D7B1DE50-FFF2-4BF8-90E9-25A4DBF179C5}.Debug|Any CPU.Build.0 = Debug|Any CPU
		{D7B1DE50-FFF2-4BF8-90E9-25A4DBF179C5}.Debug|x64.ActiveCfg = Debug|Any CPU
		{D7B1DE50-FFF2-4BF8-90E9-25A4DBF179C5}.Debug|x64.Build.0 = Debug|Any CPU
		{D7B1DE50-FFF2-4BF8-90E9-25A4DBF179C5}.Debug|x86.ActiveCfg = Debug|Any CPU
		{D7B1DE50-FFF2-4BF8-90E9-25A4DBF179C5}.Debug|x86.Build.0 = Debug|Any CPU
		{D7B1DE50-FFF2-4BF8-90E9-25A4DBF179C5}.Release|Any CPU.ActiveCfg = Release|Any CPU
		{D7B1DE50-FFF2-4BF8-90E9-25A4DBF179C5}.Release|Any CPU.Build.0 = Release|Any CPU
		{D7B1DE50-FFF2-4BF8-90E9-25A4DBF179C5}.Release|x64.ActiveCfg = Release|Any CPU
		{D7B1DE50-FFF2-4BF8-90E9-25A4DBF179C5}.Release|x64.Build.0 = Release|Any CPU
		{D7B1DE50-FFF2-4BF8-90E9-25A4DBF179C5}.Release|x86.ActiveCfg = Release|Any CPU
		{D7B1DE50-FFF2-4BF8-90E9-25A4DBF179C5}.Release|x86.Build.0 = Release|Any CPU
		{560F1918-5DC8-4B9A-9DD7-B7F17AD8594D}.Debug|Any CPU.ActiveCfg = Debug|Any CPU
		{560F1918-5DC8-4B9A-9DD7-B7F17AD8594D}.Debug|Any CPU.Build.0 = Debug|Any CPU
		{560F1918-5DC8-4B9A-9DD7-B7F17AD8594D}.Debug|x64.ActiveCfg = Debug|Any CPU
		{560F1918-5DC8-4B9A-9DD7-B7F17AD8594D}.Debug|x64.Build.0 = Debug|Any CPU
		{560F1918-5DC8-4B9A-9DD7-B7F17AD8594D}.Debug|x86.ActiveCfg = Debug|Any CPU
		{560F1918-5DC8-4B9A-9DD7-B7F17AD8594D}.Debug|x86.Build.0 = Debug|Any CPU
		{560F1918-5DC8-4B9A-9DD7-B7F17AD8594D}.Release|Any CPU.ActiveCfg = Release|Any CPU
		{560F1918-5DC8-4B9A-9DD7-B7F17AD8594D}.Release|Any CPU.Build.0 = Release|Any CPU
		{560F1918-5DC8-4B9A-9DD7-B7F17AD8594D}.Release|x64.ActiveCfg = Release|Any CPU
		{560F1918-5DC8-4B9A-9DD7-B7F17AD8594D}.Release|x64.Build.0 = Release|Any CPU
		{560F1918-5DC8-4B9A-9DD7-B7F17AD8594D}.Release|x86.ActiveCfg = Release|Any CPU
		{560F1918-5DC8-4B9A-9DD7-B7F17AD8594D}.Release|x86.Build.0 = Release|Any CPU
		{E65D1C6C-9CAB-483D-BE03-6EF27327CCDC}.Debug|Any CPU.ActiveCfg = Debug|Any CPU
		{E65D1C6C-9CAB-483D-BE03-6EF27327CCDC}.Debug|Any CPU.Build.0 = Debug|Any CPU
		{E65D1C6C-9CAB-483D-BE03-6EF27327CCDC}.Debug|x64.ActiveCfg = Debug|Any CPU
		{E65D1C6C-9CAB-483D-BE03-6EF27327CCDC}.Debug|x64.Build.0 = Debug|Any CPU
		{E65D1C6C-9CAB-483D-BE03-6EF27327CCDC}.Debug|x86.ActiveCfg = Debug|Any CPU
		{E65D1C6C-9CAB-483D-BE03-6EF27327CCDC}.Debug|x86.Build.0 = Debug|Any CPU
		{E65D1C6C-9CAB-483D-BE03-6EF27327CCDC}.Release|Any CPU.ActiveCfg = Release|Any CPU
		{E65D1C6C-9CAB-483D-BE03-6EF27327CCDC}.Release|Any CPU.Build.0 = Release|Any CPU
		{E65D1C6C-9CAB-483D-BE03-6EF27327CCDC}.Release|x64.ActiveCfg = Release|Any CPU
		{E65D1C6C-9CAB-483D-BE03-6EF27327CCDC}.Release|x64.Build.0 = Release|Any CPU
		{E65D1C6C-9CAB-483D-BE03-6EF27327CCDC}.Release|x86.ActiveCfg = Release|Any CPU
		{E65D1C6C-9CAB-483D-BE03-6EF27327CCDC}.Release|x86.Build.0 = Release|Any CPU
		{184D851C-E177-4910-B6B9-AB88B0B16AC0}.Debug|Any CPU.ActiveCfg = Debug|Any CPU
		{184D851C-E177-4910-B6B9-AB88B0B16AC0}.Debug|Any CPU.Build.0 = Debug|Any CPU
		{184D851C-E177-4910-B6B9-AB88B0B16AC0}.Debug|x64.ActiveCfg = Debug|Any CPU
		{184D851C-E177-4910-B6B9-AB88B0B16AC0}.Debug|x64.Build.0 = Debug|Any CPU
		{184D851C-E177-4910-B6B9-AB88B0B16AC0}.Debug|x86.ActiveCfg = Debug|Any CPU
		{184D851C-E177-4910-B6B9-AB88B0B16AC0}.Debug|x86.Build.0 = Debug|Any CPU
		{184D851C-E177-4910-B6B9-AB88B0B16AC0}.Release|Any CPU.ActiveCfg = Release|Any CPU
		{184D851C-E177-4910-B6B9-AB88B0B16AC0}.Release|Any CPU.Build.0 = Release|Any CPU
		{184D851C-E177-4910-B6B9-AB88B0B16AC0}.Release|x64.ActiveCfg = Release|Any CPU
		{184D851C-E177-4910-B6B9-AB88B0B16AC0}.Release|x64.Build.0 = Release|Any CPU
		{184D851C-E177-4910-B6B9-AB88B0B16AC0}.Release|x86.ActiveCfg = Release|Any CPU
		{184D851C-E177-4910-B6B9-AB88B0B16AC0}.Release|x86.Build.0 = Release|Any CPU
		{CC23ACDA-E14C-4C0C-B83D-615970152E83}.Debug|Any CPU.ActiveCfg = Debug|Any CPU
		{CC23ACDA-E14C-4C0C-B83D-615970152E83}.Debug|Any CPU.Build.0 = Debug|Any CPU
		{CC23ACDA-E14C-4C0C-B83D-615970152E83}.Debug|x64.ActiveCfg = Debug|Any CPU
		{CC23ACDA-E14C-4C0C-B83D-615970152E83}.Debug|x64.Build.0 = Debug|Any CPU
		{CC23ACDA-E14C-4C0C-B83D-615970152E83}.Debug|x86.ActiveCfg = Debug|Any CPU
		{CC23ACDA-E14C-4C0C-B83D-615970152E83}.Debug|x86.Build.0 = Debug|Any CPU
		{CC23ACDA-E14C-4C0C-B83D-615970152E83}.Release|Any CPU.ActiveCfg = Release|Any CPU
		{CC23ACDA-E14C-4C0C-B83D-615970152E83}.Release|Any CPU.Build.0 = Release|Any CPU
		{CC23ACDA-E14C-4C0C-B83D-615970152E83}.Release|x64.ActiveCfg = Release|Any CPU
		{CC23ACDA-E14C-4C0C-B83D-615970152E83}.Release|x64.Build.0 = Release|Any CPU
		{CC23ACDA-E14C-4C0C-B83D-615970152E83}.Release|x86.ActiveCfg = Release|Any CPU
		{CC23ACDA-E14C-4C0C-B83D-615970152E83}.Release|x86.Build.0 = Release|Any CPU
	EndGlobalSection
	GlobalSection(NestedProjects) = preSolution
		{147CA4F4-4A95-404C-A452-7DC9B39D53BD} = {659A7B23-9E5A-4EF1-9B8F-100106D9BBC8}
		{D7B1DE50-FFF2-4BF8-90E9-25A4DBF179C5} = {659A7B23-9E5A-4EF1-9B8F-100106D9BBC8}
		{560F1918-5DC8-4B9A-9DD7-B7F17AD8594D} = {659A7B23-9E5A-4EF1-9B8F-100106D9BBC8}
		{E65D1C6C-9CAB-483D-BE03-6EF27327CCDC} = {D9B54CE9-DAC7-4CF4-8009-931381360451}
		{184D851C-E177-4910-B6B9-AB88B0B16AC0} = {D9B54CE9-DAC7-4CF4-8009-931381360451}
		{CC23ACDA-E14C-4C0C-B83D-615970152E83} = {D9B54CE9-DAC7-4CF4-8009-931381360451}
	EndGlobalSection
EndGlobal
