
Microsoft Visual Studio Solution File, Format Version 12.00
# Visual Studio 15
VisualStudioVersion = 15.0.26124.0
MinimumVisualStudioVersion = 15.0.26124.0
Project("{2150E333-8FDC-42A3-9474-1A3956D46DE8}") = "src", "src", "{7EC0321B-31E1-492C-8C38-6063F2EA9410}"
EndProject
Project("{2150E333-8FDC-42A3-9474-1A3956D46DE8}") = "tests", "tests", "{743D9E5C-40B8-4E7C-B5A5-7D0EA36D6C5B}"
	ProjectSection(SolutionItems) = preProject
		MilkManagement.Domain\Repositories\Implementation\BaseSpecification.cs = MilkManagement.Domain\Repositories\Implementation\BaseSpecification.cs
	EndProjectSection
EndProject
Project("{9A19103F-16F7-4668-BE54-9A1E7A4F7556}") = "MilkManagement.Api", "MilkManagement.Api\MilkManagement.Api.csproj", "{819C3028-39CB-40CF-956F-02BEE30B896B}"
EndProject
Project("{9A19103F-16F7-4668-BE54-9A1E7A4F7556}") = "MilkManagement.Constants", "MilkManagement.Constants\MilkManagement.Constants.csproj", "{1F143B58-25AB-426E-89FE-0C30EB49B4A7}"
EndProject
Project("{9A19103F-16F7-4668-BE54-9A1E7A4F7556}") = "MilkManagement.Core", "MilkManagement.Core\MilkManagement.Core.csproj", "{65B2A1A7-CEE7-4FAE-A167-8D1725013273}"
EndProject
Project("{9A19103F-16F7-4668-BE54-9A1E7A4F7556}") = "MilkManagement.Services", "MilkManagement.Services\MilkManagement.Services.csproj", "{B7A0F716-CDA0-49ED-B96A-E24DC1122A4B}"
EndProject
Project("{9A19103F-16F7-4668-BE54-9A1E7A4F7556}") = "MilkManagement.CommonLibrary", "MilkManagement.Utils\MilkManagement.CommonLibrary.csproj", "{8D0DF94A-3D27-4AD2-9D7D-86E180EA44CF}"
EndProject
Project("{9A19103F-16F7-4668-BE54-9A1E7A4F7556}") = "MilkManagement.UnitTest", "MilkManagement.UnitTest\MilkManagement.UnitTest.csproj", "{AD412F91-F188-47F7-82C8-4565B6A7855D}"
EndProject
Project("{9A19103F-16F7-4668-BE54-9A1E7A4F7556}") = "MilkManagement.IntegrationTest", "MilkManagement.IntegrationTest\MilkManagement.IntegrationTest.csproj", "{43C079D3-8273-45E2-918B-4F22968CF362}"
EndProject
Project("{9A19103F-16F7-4668-BE54-9A1E7A4F7556}") = "MilkManagement.FunctionalTest", "MilkManagement.FunctionalTest\MilkManagement.FunctionalTest.csproj", "{CE6C4D86-4A22-4803-8C93-01DEB34E62A2}"
EndProject
Project("{FAE04EC0-301F-11D3-BF4B-00C04F79EFBC}") = "MilkManagement.Domain", "MilkManagement.Domain\MilkManagement.Domain.csproj", "{8DEBDAB9-8167-4443-9D82-C35CBCE0B5C6}"
EndProject
Project("{FAE04EC0-301F-11D3-BF4B-00C04F79EFBC}") = "MilkManagement.Authentication", "MilkManagement.Authentication\MilkManagement.Authentication.csproj", "{4DB177CB-E790-4371-BEF9-2CE8755571DC}"
EndProject
Global
	GlobalSection(SolutionConfigurationPlatforms) = preSolution
		Debug|Any CPU = Debug|Any CPU
		Release|Any CPU = Release|Any CPU
	EndGlobalSection
	GlobalSection(ProjectConfigurationPlatforms) = postSolution
		{819C3028-39CB-40CF-956F-02BEE30B896B}.Debug|Any CPU.ActiveCfg = Debug|Any CPU
		{819C3028-39CB-40CF-956F-02BEE30B896B}.Debug|Any CPU.Build.0 = Debug|Any CPU
		{819C3028-39CB-40CF-956F-02BEE30B896B}.Release|Any CPU.ActiveCfg = Release|Any CPU
		{819C3028-39CB-40CF-956F-02BEE30B896B}.Release|Any CPU.Build.0 = Release|Any CPU
		{1F143B58-25AB-426E-89FE-0C30EB49B4A7}.Debug|Any CPU.ActiveCfg = Debug|Any CPU
		{1F143B58-25AB-426E-89FE-0C30EB49B4A7}.Debug|Any CPU.Build.0 = Debug|Any CPU
		{1F143B58-25AB-426E-89FE-0C30EB49B4A7}.Release|Any CPU.ActiveCfg = Release|Any CPU
		{1F143B58-25AB-426E-89FE-0C30EB49B4A7}.Release|Any CPU.Build.0 = Release|Any CPU
		{65B2A1A7-CEE7-4FAE-A167-8D1725013273}.Debug|Any CPU.ActiveCfg = Debug|Any CPU
		{65B2A1A7-CEE7-4FAE-A167-8D1725013273}.Debug|Any CPU.Build.0 = Debug|Any CPU
		{65B2A1A7-CEE7-4FAE-A167-8D1725013273}.Release|Any CPU.ActiveCfg = Release|Any CPU
		{65B2A1A7-CEE7-4FAE-A167-8D1725013273}.Release|Any CPU.Build.0 = Release|Any CPU
		{B7A0F716-CDA0-49ED-B96A-E24DC1122A4B}.Debug|Any CPU.ActiveCfg = Debug|Any CPU
		{B7A0F716-CDA0-49ED-B96A-E24DC1122A4B}.Debug|Any CPU.Build.0 = Debug|Any CPU
		{B7A0F716-CDA0-49ED-B96A-E24DC1122A4B}.Release|Any CPU.ActiveCfg = Release|Any CPU
		{B7A0F716-CDA0-49ED-B96A-E24DC1122A4B}.Release|Any CPU.Build.0 = Release|Any CPU
		{8D0DF94A-3D27-4AD2-9D7D-86E180EA44CF}.Debug|Any CPU.ActiveCfg = Debug|Any CPU
		{8D0DF94A-3D27-4AD2-9D7D-86E180EA44CF}.Debug|Any CPU.Build.0 = Debug|Any CPU
		{8D0DF94A-3D27-4AD2-9D7D-86E180EA44CF}.Release|Any CPU.ActiveCfg = Release|Any CPU
		{8D0DF94A-3D27-4AD2-9D7D-86E180EA44CF}.Release|Any CPU.Build.0 = Release|Any CPU
		{AD412F91-F188-47F7-82C8-4565B6A7855D}.Debug|Any CPU.ActiveCfg = Debug|Any CPU
		{AD412F91-F188-47F7-82C8-4565B6A7855D}.Debug|Any CPU.Build.0 = Debug|Any CPU
		{AD412F91-F188-47F7-82C8-4565B6A7855D}.Release|Any CPU.ActiveCfg = Release|Any CPU
		{AD412F91-F188-47F7-82C8-4565B6A7855D}.Release|Any CPU.Build.0 = Release|Any CPU
		{43C079D3-8273-45E2-918B-4F22968CF362}.Debug|Any CPU.ActiveCfg = Debug|Any CPU
		{43C079D3-8273-45E2-918B-4F22968CF362}.Debug|Any CPU.Build.0 = Debug|Any CPU
		{43C079D3-8273-45E2-918B-4F22968CF362}.Release|Any CPU.ActiveCfg = Release|Any CPU
		{43C079D3-8273-45E2-918B-4F22968CF362}.Release|Any CPU.Build.0 = Release|Any CPU
		{CE6C4D86-4A22-4803-8C93-01DEB34E62A2}.Debug|Any CPU.ActiveCfg = Debug|Any CPU
		{CE6C4D86-4A22-4803-8C93-01DEB34E62A2}.Debug|Any CPU.Build.0 = Debug|Any CPU
		{CE6C4D86-4A22-4803-8C93-01DEB34E62A2}.Release|Any CPU.ActiveCfg = Release|Any CPU
		{CE6C4D86-4A22-4803-8C93-01DEB34E62A2}.Release|Any CPU.Build.0 = Release|Any CPU
		{8DEBDAB9-8167-4443-9D82-C35CBCE0B5C6}.Debug|Any CPU.ActiveCfg = Debug|Any CPU
		{8DEBDAB9-8167-4443-9D82-C35CBCE0B5C6}.Debug|Any CPU.Build.0 = Debug|Any CPU
		{8DEBDAB9-8167-4443-9D82-C35CBCE0B5C6}.Release|Any CPU.ActiveCfg = Release|Any CPU
		{8DEBDAB9-8167-4443-9D82-C35CBCE0B5C6}.Release|Any CPU.Build.0 = Release|Any CPU
		{4DB177CB-E790-4371-BEF9-2CE8755571DC}.Debug|Any CPU.ActiveCfg = Debug|Any CPU
		{4DB177CB-E790-4371-BEF9-2CE8755571DC}.Debug|Any CPU.Build.0 = Debug|Any CPU
		{4DB177CB-E790-4371-BEF9-2CE8755571DC}.Release|Any CPU.ActiveCfg = Release|Any CPU
		{4DB177CB-E790-4371-BEF9-2CE8755571DC}.Release|Any CPU.Build.0 = Release|Any CPU
	EndGlobalSection
	GlobalSection(SolutionProperties) = preSolution
		HideSolutionNode = FALSE
	EndGlobalSection
	GlobalSection(NestedProjects) = preSolution
		{819C3028-39CB-40CF-956F-02BEE30B896B} = {7EC0321B-31E1-492C-8C38-6063F2EA9410}
		{1F143B58-25AB-426E-89FE-0C30EB49B4A7} = {7EC0321B-31E1-492C-8C38-6063F2EA9410}
		{65B2A1A7-CEE7-4FAE-A167-8D1725013273} = {7EC0321B-31E1-492C-8C38-6063F2EA9410}
		{B7A0F716-CDA0-49ED-B96A-E24DC1122A4B} = {7EC0321B-31E1-492C-8C38-6063F2EA9410}
		{8D0DF94A-3D27-4AD2-9D7D-86E180EA44CF} = {7EC0321B-31E1-492C-8C38-6063F2EA9410}
		{AD412F91-F188-47F7-82C8-4565B6A7855D} = {743D9E5C-40B8-4E7C-B5A5-7D0EA36D6C5B}
		{43C079D3-8273-45E2-918B-4F22968CF362} = {743D9E5C-40B8-4E7C-B5A5-7D0EA36D6C5B}
		{CE6C4D86-4A22-4803-8C93-01DEB34E62A2} = {743D9E5C-40B8-4E7C-B5A5-7D0EA36D6C5B}
		{8DEBDAB9-8167-4443-9D82-C35CBCE0B5C6} = {7EC0321B-31E1-492C-8C38-6063F2EA9410}
		{4DB177CB-E790-4371-BEF9-2CE8755571DC} = {7EC0321B-31E1-492C-8C38-6063F2EA9410}
	EndGlobalSection
	GlobalSection(ExtensibilityGlobals) = postSolution
		SolutionGuid = {E77EB315-F790-44DE-BE7E-75A636554200}
	EndGlobalSection
EndGlobal
